
Microsoft Visual Studio Solution File, Format Version 12.00
# Visual Studio 15
VisualStudioVersion = 15.0.27703.2026
MinimumVisualStudioVersion = 10.0.40219.1
Project("{2150E333-8FDC-42A3-9474-1A3956D46DE8}") = "App", "App", "{F0160F7D-33A8-43FF-8BF3-794831EFBBB9}"
EndProject
Project("{2150E333-8FDC-42A3-9474-1A3956D46DE8}") = "Test", "Test", "{BDBC2D88-408F-40F6-AC6F-C1BB3DA771B9}"
EndProject
Project("{2150E333-8FDC-42A3-9474-1A3956D46DE8}") = "1. Apresentação", "1. Apresentação", "{B5A6A63A-2E4B-4915-B565-7120F6FCF02B}"
EndProject
Project("{2150E333-8FDC-42A3-9474-1A3956D46DE8}") = "2. Serviços", "2. Serviços", "{81CF71AB-DFFB-4BAB-8DDC-5C2133373921}"
EndProject
Project("{2150E333-8FDC-42A3-9474-1A3956D46DE8}") = "3. Aplicação", "3. Aplicação", "{3640012E-4E16-424F-90B4-9FBF37304E0F}"
EndProject
Project("{2150E333-8FDC-42A3-9474-1A3956D46DE8}") = "4. Domínio", "4. Domínio", "{12E91085-F423-479A-8EE5-330D27E9F313}"
EndProject
Project("{2150E333-8FDC-42A3-9474-1A3956D46DE8}") = "5. Infraestrutura", "5. Infraestrutura", "{5422DC73-8315-494B-BFE0-2169D83744C1}"
EndProject
Project("{2150E333-8FDC-42A3-9474-1A3956D46DE8}") = "5.1. Dados", "5.1. Dados", "{1767D78D-B4AA-41C6-8C7D-CB2B75FF9584}"
EndProject
Project("{2150E333-8FDC-42A3-9474-1A3956D46DE8}") = "5.2. Transversal", "5.2. Transversal", "{0C6F2943-3429-4105-849E-EBBB70807AEA}"
EndProject
Project("{FAE04EC0-301F-11D3-BF4B-00C04F79EFBC}") = "UBS.Dominio", "App\UBS.Dominio\UBS.Dominio.csproj", "{AE34DC8C-7E44-4236-97DE-84992BF8E8E9}"
EndProject
Global
	GlobalSection(SolutionConfigurationPlatforms) = preSolution
		Debug|Any CPU = Debug|Any CPU
		Release|Any CPU = Release|Any CPU
	EndGlobalSection
	GlobalSection(ProjectConfigurationPlatforms) = postSolution
		{AE34DC8C-7E44-4236-97DE-84992BF8E8E9}.Debug|Any CPU.ActiveCfg = Debug|Any CPU
		{AE34DC8C-7E44-4236-97DE-84992BF8E8E9}.Debug|Any CPU.Build.0 = Debug|Any CPU
		{AE34DC8C-7E44-4236-97DE-84992BF8E8E9}.Release|Any CPU.ActiveCfg = Release|Any CPU
		{AE34DC8C-7E44-4236-97DE-84992BF8E8E9}.Release|Any CPU.Build.0 = Release|Any CPU
	EndGlobalSection
	GlobalSection(SolutionProperties) = preSolution
		HideSolutionNode = FALSE
	EndGlobalSection
	GlobalSection(NestedProjects) = preSolution
		{B5A6A63A-2E4B-4915-B565-7120F6FCF02B} = {F0160F7D-33A8-43FF-8BF3-794831EFBBB9}
		{81CF71AB-DFFB-4BAB-8DDC-5C2133373921} = {F0160F7D-33A8-43FF-8BF3-794831EFBBB9}
		{3640012E-4E16-424F-90B4-9FBF37304E0F} = {F0160F7D-33A8-43FF-8BF3-794831EFBBB9}
		{12E91085-F423-479A-8EE5-330D27E9F313} = {F0160F7D-33A8-43FF-8BF3-794831EFBBB9}
		{5422DC73-8315-494B-BFE0-2169D83744C1} = {F0160F7D-33A8-43FF-8BF3-794831EFBBB9}
		{1767D78D-B4AA-41C6-8C7D-CB2B75FF9584} = {5422DC73-8315-494B-BFE0-2169D83744C1}
		{0C6F2943-3429-4105-849E-EBBB70807AEA} = {5422DC73-8315-494B-BFE0-2169D83744C1}
		{AE34DC8C-7E44-4236-97DE-84992BF8E8E9} = {12E91085-F423-479A-8EE5-330D27E9F313}
	EndGlobalSection
	GlobalSection(ExtensibilityGlobals) = postSolution
		SolutionGuid = {9CD999A3-6456-4FB8-8836-07E2665B247A}
	EndGlobalSection
EndGlobal
